
Microsoft Visual Studio Solution File, Format Version 12.00
# Visual Studio 15
VisualStudioVersion = 15.0.27703.2042
MinimumVisualStudioVersion = 10.0.40219.1
Project("{888888A0-9F3D-457C-B088-3A5042F75D52}") = "LR4", "LR4\LR4.pyproj", "{5922A838-167F-409A-AA29-E887FF4DDA29}"
EndProject
Global
	GlobalSection(SolutionConfigurationPlatforms) = preSolution
		Debug|Any CPU = Debug|Any CPU
		Release|Any CPU = Release|Any CPU
	EndGlobalSection
	GlobalSection(ProjectConfigurationPlatforms) = postSolution
		{5922A838-167F-409A-AA29-E887FF4DDA29}.Debug|Any CPU.ActiveCfg = Debug|Any CPU
		{5922A838-167F-409A-AA29-E887FF4DDA29}.Release|Any CPU.ActiveCfg = Release|Any CPU
	EndGlobalSection
	GlobalSection(SolutionProperties) = preSolution
		HideSolutionNode = FALSE
	EndGlobalSection
	GlobalSection(ExtensibilityGlobals) = postSolution
		SolutionGuid = {5CDB2F32-3EA9-4B2D-B020-AFFA1C5A141C}
	EndGlobalSection
EndGlobal
